
Microsoft Visual Studio Solution File, Format Version 12.00
# Visual Studio Version 17
VisualStudioVersion = 17.7.34024.191
MinimumVisualStudioVersion = 10.0.40219.1
Project("{9A19103F-16F7-4668-BE54-9A1E7A4F7556}") = "DJQMApi", "djqmapi\DJQMApi.csproj", "{75165B1B-3D35-4BA6-A1CE-BD302DAAA6F9}"
EndProject
Project("{9A19103F-16F7-4668-BE54-9A1E7A4F7556}") = "DbHelper", "DbHelper\DbHelper.csproj", "{FAB438FB-44B4-4F8A-963D-26616397CF2B}"
EndProject
Project("{9A19103F-16F7-4668-BE54-9A1E7A4F7556}") = "SMSLib", "SMSLib\SMSLib.csproj", "{56095E05-3D34-4F3E-98E6-5900326E9D0C}"
EndProject
Global
	GlobalSection(SolutionConfigurationPlatforms) = preSolution
		Debug|Any CPU = Debug|Any CPU
		Release|Any CPU = Release|Any CPU
	EndGlobalSection
	GlobalSection(ProjectConfigurationPlatforms) = postSolution
		{75165B1B-3D35-4BA6-A1CE-BD302DAAA6F9}.Debug|Any CPU.ActiveCfg = Debug|Any CPU
		{75165B1B-3D35-4BA6-A1CE-BD302DAAA6F9}.Debug|Any CPU.Build.0 = Debug|Any CPU
		{75165B1B-3D35-4BA6-A1CE-BD302DAAA6F9}.Release|Any CPU.ActiveCfg = Release|Any CPU
		{75165B1B-3D35-4BA6-A1CE-BD302DAAA6F9}.Release|Any CPU.Build.0 = Release|Any CPU
		{FAB438FB-44B4-4F8A-963D-26616397CF2B}.Debug|Any CPU.ActiveCfg = Debug|Any CPU
		{FAB438FB-44B4-4F8A-963D-26616397CF2B}.Debug|Any CPU.Build.0 = Debug|Any CPU
		{FAB438FB-44B4-4F8A-963D-26616397CF2B}.Release|Any CPU.ActiveCfg = Release|Any CPU
		{FAB438FB-44B4-4F8A-963D-26616397CF2B}.Release|Any CPU.Build.0 = Release|Any CPU
		{56095E05-3D34-4F3E-98E6-5900326E9D0C}.Debug|Any CPU.ActiveCfg = Debug|Any CPU
		{56095E05-3D34-4F3E-98E6-5900326E9D0C}.Debug|Any CPU.Build.0 = Debug|Any CPU
		{56095E05-3D34-4F3E-98E6-5900326E9D0C}.Release|Any CPU.ActiveCfg = Release|Any CPU
		{56095E05-3D34-4F3E-98E6-5900326E9D0C}.Release|Any CPU.Build.0 = Release|Any CPU
	EndGlobalSection
	GlobalSection(SolutionProperties) = preSolution
		HideSolutionNode = FALSE
	EndGlobalSection
	GlobalSection(ExtensibilityGlobals) = postSolution
		SolutionGuid = {D5354BCA-42DF-4605-9CFE-A284754E3BF5}
	EndGlobalSection
EndGlobal
